
Microsoft Visual Studio Solution File, Format Version 12.00
# Visual Studio Version 17
VisualStudioVersion = 17.2.32526.322
MinimumVisualStudioVersion = 10.0.40219.1
Project("{9A19103F-16F7-4668-BE54-9A1E7A4F7556}") = "WebUI", "WebUI\WebUI.csproj", "{041AB52C-43F9-43E2-A7CA-402D842F5466}"
EndProject
Project("{2150E333-8FDC-42A3-9474-1A3956D46DE8}") = "src", "src", "{BE6D9767-257E-4F94-A7D3-64FC93B8E622}"
EndProject
Project("{2150E333-8FDC-42A3-9474-1A3956D46DE8}") = "tests", "tests", "{C3FF287B-4254-4533-97E2-442EA4F72D23}"
EndProject
Project("{FAE04EC0-301F-11D3-BF4B-00C04F79EFBC}") = "Application", "Application\Application.csproj", "{2FD8D3E1-B42A-407C-8BC5-55EFEA0B8EAC}"
EndProject
Project("{FAE04EC0-301F-11D3-BF4B-00C04F79EFBC}") = "Domain", "Domain\Domain.csproj", "{BFFC0C18-D07E-46D5-8512-4BAC7F5EA013}"
EndProject
Project("{FAE04EC0-301F-11D3-BF4B-00C04F79EFBC}") = "Infrastructure", "Infrastructure\Infrastructure.csproj", "{99A99CAE-A4BA-40EE-A19E-50B9225F795E}"
EndProject
Global
	GlobalSection(SolutionConfigurationPlatforms) = preSolution
		Debug|Any CPU = Debug|Any CPU
		Release|Any CPU = Release|Any CPU
	EndGlobalSection
	GlobalSection(ProjectConfigurationPlatforms) = postSolution
		{041AB52C-43F9-43E2-A7CA-402D842F5466}.Debug|Any CPU.ActiveCfg = Debug|Any CPU
		{041AB52C-43F9-43E2-A7CA-402D842F5466}.Debug|Any CPU.Build.0 = Debug|Any CPU
		{041AB52C-43F9-43E2-A7CA-402D842F5466}.Release|Any CPU.ActiveCfg = Release|Any CPU
		{041AB52C-43F9-43E2-A7CA-402D842F5466}.Release|Any CPU.Build.0 = Release|Any CPU
		{2FD8D3E1-B42A-407C-8BC5-55EFEA0B8EAC}.Debug|Any CPU.ActiveCfg = Debug|Any CPU
		{2FD8D3E1-B42A-407C-8BC5-55EFEA0B8EAC}.Debug|Any CPU.Build.0 = Debug|Any CPU
		{2FD8D3E1-B42A-407C-8BC5-55EFEA0B8EAC}.Release|Any CPU.ActiveCfg = Release|Any CPU
		{2FD8D3E1-B42A-407C-8BC5-55EFEA0B8EAC}.Release|Any CPU.Build.0 = Release|Any CPU
		{BFFC0C18-D07E-46D5-8512-4BAC7F5EA013}.Debug|Any CPU.ActiveCfg = Debug|Any CPU
		{BFFC0C18-D07E-46D5-8512-4BAC7F5EA013}.Debug|Any CPU.Build.0 = Debug|Any CPU
		{BFFC0C18-D07E-46D5-8512-4BAC7F5EA013}.Release|Any CPU.ActiveCfg = Release|Any CPU
		{BFFC0C18-D07E-46D5-8512-4BAC7F5EA013}.Release|Any CPU.Build.0 = Release|Any CPU
		{99A99CAE-A4BA-40EE-A19E-50B9225F795E}.Debug|Any CPU.ActiveCfg = Debug|Any CPU
		{99A99CAE-A4BA-40EE-A19E-50B9225F795E}.Debug|Any CPU.Build.0 = Debug|Any CPU
		{99A99CAE-A4BA-40EE-A19E-50B9225F795E}.Release|Any CPU.ActiveCfg = Release|Any CPU
		{99A99CAE-A4BA-40EE-A19E-50B9225F795E}.Release|Any CPU.Build.0 = Release|Any CPU
	EndGlobalSection
	GlobalSection(SolutionProperties) = preSolution
		HideSolutionNode = FALSE
	EndGlobalSection
	GlobalSection(NestedProjects) = preSolution
		{041AB52C-43F9-43E2-A7CA-402D842F5466} = {BE6D9767-257E-4F94-A7D3-64FC93B8E622}
		{2FD8D3E1-B42A-407C-8BC5-55EFEA0B8EAC} = {BE6D9767-257E-4F94-A7D3-64FC93B8E622}
		{BFFC0C18-D07E-46D5-8512-4BAC7F5EA013} = {BE6D9767-257E-4F94-A7D3-64FC93B8E622}
		{99A99CAE-A4BA-40EE-A19E-50B9225F795E} = {BE6D9767-257E-4F94-A7D3-64FC93B8E622}
	EndGlobalSection
	GlobalSection(ExtensibilityGlobals) = postSolution
		SolutionGuid = {57EAB7E4-79A0-40CD-993E-F010C0AAABD6}
	EndGlobalSection
EndGlobal
